
Microsoft Visual Studio Solution File, Format Version 12.00
# Visual Studio Express 15 for Windows Desktop
VisualStudioVersion = 15.0.28307.1082
MinimumVisualStudioVersion = 10.0.40219.1
Project("{FAE04EC0-301F-11D3-BF4B-00C04F79EFBC}") = "WindowsFormsApp1", "WindowsFormsApp1\WindowsFormsApp1.csproj", "{F5E0F662-F2D9-4C78-930E-92D6DA0EE72B}"
EndProject
Global
	GlobalSection(SolutionConfigurationPlatforms) = preSolution
		Debug|Any CPU = Debug|Any CPU
		Release|Any CPU = Release|Any CPU
	EndGlobalSection
	GlobalSection(ProjectConfigurationPlatforms) = postSolution
		{F5E0F662-F2D9-4C78-930E-92D6DA0EE72B}.Debug|Any CPU.ActiveCfg = Debug|Any CPU
		{F5E0F662-F2D9-4C78-930E-92D6DA0EE72B}.Debug|Any CPU.Build.0 = Debug|Any CPU
		{F5E0F662-F2D9-4C78-930E-92D6DA0EE72B}.Release|Any CPU.ActiveCfg = Release|Any CPU
		{F5E0F662-F2D9-4C78-930E-92D6DA0EE72B}.Release|Any CPU.Build.0 = Release|Any CPU
	EndGlobalSection
	GlobalSection(SolutionProperties) = preSolution
		HideSolutionNode = FALSE
	EndGlobalSection
	GlobalSection(ExtensibilityGlobals) = postSolution
		SolutionGuid = {574D8321-8877-45BC-BD65-EB254DC87DE7}
	EndGlobalSection
EndGlobal
